{
  "requires": true,
  "lockfileVersion": 1,
  "dependencies": {
    "dotenv": {
      "version": "8.2.0",
      "resolved": "https://registry.npmjs.org/dotenv/-/dotenv-8.2.0.tgz",
      "integrity": "sha512-8sJ78ElpbDJBHNeBzUbUVLsqKdccaa/BXF1uPTw3GrvQTBgrQrtObr2mUrE38vzYd8cEv+m/JBfDLioYcfXoaw==",
      "dev": true
    },
    "dotenv-defaults": {
      "version": "2.0.1",
      "resolved": "https://registry.npmjs.org/dotenv-defaults/-/dotenv-defaults-2.0.1.tgz",
      "integrity": "sha512-ugFCyBF7ILuwpmznduHPQZBMucHHJ8T4OBManTEVjemxCm2+nqifSuW2lD2SNKdiKSH1E324kZSdJ8M04b4I/A==",
      "dev": true,
      "requires": {
        "dotenv": "^8.2.0"
      }
    },
    "dotenv-webpack": {
      "version": "3.0.0",
      "resolved": "https://registry.npmjs.org/dotenv-webpack/-/dotenv-webpack-3.0.0.tgz",
      "integrity": "sha512-HsBTgVbh9E71IdC6QcQTnAuVt11niA5QMKblcBqhVBxP975XPGMqxf21pqgVBPyRKn2GqPh5kSHMgjxeR/HEAA==",
      "dev": true,
      "requires": {
        "dotenv-defaults": "^2.0.1"
      }
    }
  }
}
